{
    "_readme": [
        "This file locks the dependencies of your project to a known state",
        "Read more about it at https://getcomposer.org/doc/01-basic-usage.md#installing-dependencies",
        "This file is @generated automatically"
    ],
    "content-hash": "f4aa5f50bcdd9b5613802cc6cd4b6288",
    "packages": [
        {
            "name": "naomai/php-layers",
            "version": "dev-master",
            "source": {
                "type": "git",
                "url": "https://github.com/naomai/php-layers.git",
                "reference": "847f526"
            },
            "require": {
                "php": ">=8.0"
            },
            "require-dev": {
                "phpunit/phpunit": "^9"
            },
            "default-branch": true,
            "type": "library",
            "autoload": {
                "psr-4": {
                    "Naomai\\PHPLayers\\": "src/",
                    "Naomai\\PHPLayers\\Test\\": "tests/"
                }
            },
            "description": "Create your images in PHP using layers, like in Photoshop",
            "time": "2025-02-11T14:07:33+00:00"
        }
    ],
    "packages-dev": [],
    "aliases": [],
    "minimum-stability": "stable",
    "stability-flags": {
        "naomai/php-layers": 20
    },
    "prefer-stable": false,
    "prefer-lowest": false,
    "platform": [],
    "platform-dev": [],
    "plugin-api-version": "2.6.0"
}
